
Microsoft Visual Studio Solution File, Format Version 12.00
# Visual Studio Version 17
VisualStudioVersion = 17.0.31903.59
MinimumVisualStudioVersion = 10.0.40219.1
Project("{2150E333-8FDC-42A3-9474-1A3956D46DE8}") = "src", "src", "{827E0CD3-B72D-47B6-A68D-7590B98EB39B}"
EndProject
Project("{FAE04EC0-301F-11D3-BF4B-00C04F79EFBC}") = "MiniPOS.API", "src\MiniPOS.API\MiniPOS.API.csproj", "{1D35E026-4898-49C0-839F-FBCEDE78CA7C}"
EndProject
Project("{FAE04EC0-301F-11D3-BF4B-00C04F79EFBC}") = "MiniPOS.API.Common", "src\MiniPOS.API.Common\MiniPOS.API.Common.csproj", "{7422A14E-37F6-4ECD-8765-4487AFFCD122}"
EndProject
Project("{FAE04EC0-301F-11D3-BF4B-00C04F79EFBC}") = "MiniPOS.API.Domain", "src\MiniPOS.API.Domain\MiniPOS.API.Domain.csproj", "{EFE0BB82-9166-4D9F-8618-6699C7C82346}"
EndProject
Project("{FAE04EC0-301F-11D3-BF4B-00C04F79EFBC}") = "MiniPOS.API.Application", "src\MiniPOS.API.Application\MiniPOS.API.Application.csproj", "{3C08C8CC-7359-49C8-802F-CAC76B0D12BE}"
EndProject
Global
	GlobalSection(SolutionConfigurationPlatforms) = preSolution
		Debug|Any CPU = Debug|Any CPU
		Debug|x64 = Debug|x64
		Debug|x86 = Debug|x86
		Release|Any CPU = Release|Any CPU
		Release|x64 = Release|x64
		Release|x86 = Release|x86
	EndGlobalSection
	GlobalSection(ProjectConfigurationPlatforms) = postSolution
		{1D35E026-4898-49C0-839F-FBCEDE78CA7C}.Debug|Any CPU.ActiveCfg = Debug|Any CPU
		{1D35E026-4898-49C0-839F-FBCEDE78CA7C}.Debug|Any CPU.Build.0 = Debug|Any CPU
		{1D35E026-4898-49C0-839F-FBCEDE78CA7C}.Debug|x64.ActiveCfg = Debug|Any CPU
		{1D35E026-4898-49C0-839F-FBCEDE78CA7C}.Debug|x64.Build.0 = Debug|Any CPU
		{1D35E026-4898-49C0-839F-FBCEDE78CA7C}.Debug|x86.ActiveCfg = Debug|Any CPU
		{1D35E026-4898-49C0-839F-FBCEDE78CA7C}.Debug|x86.Build.0 = Debug|Any CPU
		{1D35E026-4898-49C0-839F-FBCEDE78CA7C}.Release|Any CPU.ActiveCfg = Release|Any CPU
		{1D35E026-4898-49C0-839F-FBCEDE78CA7C}.Release|Any CPU.Build.0 = Release|Any CPU
		{1D35E026-4898-49C0-839F-FBCEDE78CA7C}.Release|x64.ActiveCfg = Release|Any CPU
		{1D35E026-4898-49C0-839F-FBCEDE78CA7C}.Release|x64.Build.0 = Release|Any CPU
		{1D35E026-4898-49C0-839F-FBCEDE78CA7C}.Release|x86.ActiveCfg = Release|Any CPU
		{1D35E026-4898-49C0-839F-FBCEDE78CA7C}.Release|x86.Build.0 = Release|Any CPU
		{7422A14E-37F6-4ECD-8765-4487AFFCD122}.Debug|Any CPU.ActiveCfg = Debug|Any CPU
		{7422A14E-37F6-4ECD-8765-4487AFFCD122}.Debug|Any CPU.Build.0 = Debug|Any CPU
		{7422A14E-37F6-4ECD-8765-4487AFFCD122}.Debug|x64.ActiveCfg = Debug|Any CPU
		{7422A14E-37F6-4ECD-8765-4487AFFCD122}.Debug|x64.Build.0 = Debug|Any CPU
		{7422A14E-37F6-4ECD-8765-4487AFFCD122}.Debug|x86.ActiveCfg = Debug|Any CPU
		{7422A14E-37F6-4ECD-8765-4487AFFCD122}.Debug|x86.Build.0 = Debug|Any CPU
		{7422A14E-37F6-4ECD-8765-4487AFFCD122}.Release|Any CPU.ActiveCfg = Release|Any CPU
		{7422A14E-37F6-4ECD-8765-4487AFFCD122}.Release|Any CPU.Build.0 = Release|Any CPU
		{7422A14E-37F6-4ECD-8765-4487AFFCD122}.Release|x64.ActiveCfg = Release|Any CPU
		{7422A14E-37F6-4ECD-8765-4487AFFCD122}.Release|x64.Build.0 = Release|Any CPU
		{7422A14E-37F6-4ECD-8765-4487AFFCD122}.Release|x86.ActiveCfg = Release|Any CPU
		{7422A14E-37F6-4ECD-8765-4487AFFCD122}.Release|x86.Build.0 = Release|Any CPU
		{EFE0BB82-9166-4D9F-8618-6699C7C82346}.Debug|Any CPU.ActiveCfg = Debug|Any CPU
		{EFE0BB82-9166-4D9F-8618-6699C7C82346}.Debug|Any CPU.Build.0 = Debug|Any CPU
		{EFE0BB82-9166-4D9F-8618-6699C7C82346}.Debug|x64.ActiveCfg = Debug|Any CPU
		{EFE0BB82-9166-4D9F-8618-6699C7C82346}.Debug|x64.Build.0 = Debug|Any CPU
		{EFE0BB82-9166-4D9F-8618-6699C7C82346}.Debug|x86.ActiveCfg = Debug|Any CPU
		{EFE0BB82-9166-4D9F-8618-6699C7C82346}.Debug|x86.Build.0 = Debug|Any CPU
		{EFE0BB82-9166-4D9F-8618-6699C7C82346}.Release|Any CPU.ActiveCfg = Release|Any CPU
		{EFE0BB82-9166-4D9F-8618-6699C7C82346}.Release|Any CPU.Build.0 = Release|Any CPU
		{EFE0BB82-9166-4D9F-8618-6699C7C82346}.Release|x64.ActiveCfg = Release|Any CPU
		{EFE0BB82-9166-4D9F-8618-6699C7C82346}.Release|x64.Build.0 = Release|Any CPU
		{EFE0BB82-9166-4D9F-8618-6699C7C82346}.Release|x86.ActiveCfg = Release|Any CPU
		{EFE0BB82-9166-4D9F-8618-6699C7C82346}.Release|x86.Build.0 = Release|Any CPU
		{3C08C8CC-7359-49C8-802F-CAC76B0D12BE}.Debug|Any CPU.ActiveCfg = Debug|Any CPU
		{3C08C8CC-7359-49C8-802F-CAC76B0D12BE}.Debug|Any CPU.Build.0 = Debug|Any CPU
		{3C08C8CC-7359-49C8-802F-CAC76B0D12BE}.Debug|x64.ActiveCfg = Debug|Any CPU
		{3C08C8CC-7359-49C8-802F-CAC76B0D12BE}.Debug|x64.Build.0 = Debug|Any CPU
		{3C08C8CC-7359-49C8-802F-CAC76B0D12BE}.Debug|x86.ActiveCfg = Debug|Any CPU
		{3C08C8CC-7359-49C8-802F-CAC76B0D12BE}.Debug|x86.Build.0 = Debug|Any CPU
		{3C08C8CC-7359-49C8-802F-CAC76B0D12BE}.Release|Any CPU.ActiveCfg = Release|Any CPU
		{3C08C8CC-7359-49C8-802F-CAC76B0D12BE}.Release|Any CPU.Build.0 = Release|Any CPU
		{3C08C8CC-7359-49C8-802F-CAC76B0D12BE}.Release|x64.ActiveCfg = Release|Any CPU
		{3C08C8CC-7359-49C8-802F-CAC76B0D12BE}.Release|x64.Build.0 = Release|Any CPU
		{3C08C8CC-7359-49C8-802F-CAC76B0D12BE}.Release|x86.ActiveCfg = Release|Any CPU
		{3C08C8CC-7359-49C8-802F-CAC76B0D12BE}.Release|x86.Build.0 = Release|Any CPU
	EndGlobalSection
	GlobalSection(SolutionProperties) = preSolution
		HideSolutionNode = FALSE
	EndGlobalSection
	GlobalSection(NestedProjects) = preSolution
		{1D35E026-4898-49C0-839F-FBCEDE78CA7C} = {827E0CD3-B72D-47B6-A68D-7590B98EB39B}
		{7422A14E-37F6-4ECD-8765-4487AFFCD122} = {827E0CD3-B72D-47B6-A68D-7590B98EB39B}
		{EFE0BB82-9166-4D9F-8618-6699C7C82346} = {827E0CD3-B72D-47B6-A68D-7590B98EB39B}
		{3C08C8CC-7359-49C8-802F-CAC76B0D12BE} = {827E0CD3-B72D-47B6-A68D-7590B98EB39B}
	EndGlobalSection
EndGlobal
